
Microsoft Visual Studio Solution File, Format Version 12.00
# Visual Studio Version 17
VisualStudioVersion = 17.0.31903.59
MinimumVisualStudioVersion = 10.0.40219.1
Project("{FAE04EC0-301F-11D3-BF4B-00C04F79EFBC}") = "API", "API\API.csproj", "{99849242-0566-44D1-83EC-147B05934921}"
EndProject
Project("{FAE04EC0-301F-11D3-BF4B-00C04F79EFBC}") = "Application", "Application\Application.csproj", "{66360F90-663E-4C29-9ECD-EFF2B6D7D64E}"
EndProject
Project("{FAE04EC0-301F-11D3-BF4B-00C04F79EFBC}") = "Domain", "Domain\Domain.csproj", "{7C10A8F5-BFF2-401A-A894-A81667AC6ED1}"
EndProject
Project("{FAE04EC0-301F-11D3-BF4B-00C04F79EFBC}") = "Persistence", "Persistence\Persistence.csproj", "{12D601C5-72BD-46BF-A103-A3C325DFEDE7}"
EndProject
Global
	GlobalSection(SolutionConfigurationPlatforms) = preSolution
		Debug|Any CPU = Debug|Any CPU
		Release|Any CPU = Release|Any CPU
	EndGlobalSection
	GlobalSection(SolutionProperties) = preSolution
		HideSolutionNode = FALSE
	EndGlobalSection
	GlobalSection(ProjectConfigurationPlatforms) = postSolution
		{99849242-0566-44D1-83EC-147B05934921}.Debug|Any CPU.ActiveCfg = Debug|Any CPU
		{99849242-0566-44D1-83EC-147B05934921}.Debug|Any CPU.Build.0 = Debug|Any CPU
		{99849242-0566-44D1-83EC-147B05934921}.Release|Any CPU.ActiveCfg = Release|Any CPU
		{99849242-0566-44D1-83EC-147B05934921}.Release|Any CPU.Build.0 = Release|Any CPU
		{66360F90-663E-4C29-9ECD-EFF2B6D7D64E}.Debug|Any CPU.ActiveCfg = Debug|Any CPU
		{66360F90-663E-4C29-9ECD-EFF2B6D7D64E}.Debug|Any CPU.Build.0 = Debug|Any CPU
		{66360F90-663E-4C29-9ECD-EFF2B6D7D64E}.Release|Any CPU.ActiveCfg = Release|Any CPU
		{66360F90-663E-4C29-9ECD-EFF2B6D7D64E}.Release|Any CPU.Build.0 = Release|Any CPU
		{7C10A8F5-BFF2-401A-A894-A81667AC6ED1}.Debug|Any CPU.ActiveCfg = Debug|Any CPU
		{7C10A8F5-BFF2-401A-A894-A81667AC6ED1}.Debug|Any CPU.Build.0 = Debug|Any CPU
		{7C10A8F5-BFF2-401A-A894-A81667AC6ED1}.Release|Any CPU.ActiveCfg = Release|Any CPU
		{7C10A8F5-BFF2-401A-A894-A81667AC6ED1}.Release|Any CPU.Build.0 = Release|Any CPU
		{12D601C5-72BD-46BF-A103-A3C325DFEDE7}.Debug|Any CPU.ActiveCfg = Debug|Any CPU
		{12D601C5-72BD-46BF-A103-A3C325DFEDE7}.Debug|Any CPU.Build.0 = Debug|Any CPU
		{12D601C5-72BD-46BF-A103-A3C325DFEDE7}.Release|Any CPU.ActiveCfg = Release|Any CPU
		{12D601C5-72BD-46BF-A103-A3C325DFEDE7}.Release|Any CPU.Build.0 = Release|Any CPU
	EndGlobalSection
EndGlobal
